// !$*UTF8*$!
{
	archiveVersion = 1;
	classes = {
	};
	objectVersion = 77;
	objects = {

/* Begin PBXBuildRule section */
		F6DBE9452E4DCD46000AAC5C /* PBXBuildRule */ = {
			isa = PBXBuildRule;
			compilerSpec = com.apple.compilers.proxy.script;
			fileType = folder.rkassets;
			inputFiles = (
			);
			isEditable = 1;
			outputFiles = (
			);
			script = "# realitytool\n";
		};
/* End PBXBuildRule section */

/* Begin PBXContainerItemProxy section */
		F6EC33ED2E28F42A008B3850 /* PBXContainerItemProxy */ = {
			isa = PBXContainerItemProxy;
			containerPortal = F6EC33D72E28F429008B3850 /* Project object */;
			proxyType = 1;
			remoteGlobalIDString = F6EC33DE2E28F429008B3850;
			remoteInfo = "Scrap Wale";
		};
		F6EC33F72E28F42A008B3850 /* PBXContainerItemProxy */ = {
			isa = PBXContainerItemProxy;
			containerPortal = F6EC33D72E28F429008B3850 /* Project object */;
			proxyType = 1;
			remoteGlobalIDString = F6EC33DE2E28F429008B3850;
			remoteInfo = "Scrap Wale";
		};
/* End PBXContainerItemProxy section */

/* Begin PBXFileReference section */
		F693B5662E6579AA00B900E0 /* Info.plist */ = {isa = PBXFileReference; lastKnownFileType = text.plist.xml; path = Info.plist; sourceTree = "<group>"; };
		F6EC33DF2E28F429008B3850 /* Scrap Wale.app */ = {isa = PBXFileReference; explicitFileType = wrapper.application; includeInIndex = 0; path = "Scrap Wale.app"; sourceTree = BUILT_PRODUCTS_DIR; };
		F6EC33EC2E28F42A008B3850 /* Scrap WaleTests.xctest */ = {isa = PBXFileReference; explicitFileType = wrapper.cfbundle; includeInIndex = 0; path = "Scrap WaleTests.xctest"; sourceTree = BUILT_PRODUCTS_DIR; };
		F6EC33F62E28F42A008B3850 /* Scrap WaleUITests.xctest */ = {isa = PBXFileReference; explicitFileType = wrapper.cfbundle; includeInIndex = 0; path = "Scrap WaleUITests.xctest"; sourceTree = BUILT_PRODUCTS_DIR; };
/* End PBXFileReference section */

/* Begin PBXFileSystemSynchronizedRootGroup section */
		F6EC33E12E28F429008B3850 /* Scrap Wale */ = {
			isa = PBXFileSystemSynchronizedRootGroup;
			path = "Scrap Wale";
			sourceTree = "<group>";
		};
		F6EC33EF2E28F42A008B3850 /* Scrap WaleTests */ = {
			isa = PBXFileSystemSynchronizedRootGroup;
			path = "Scrap WaleTests";
			sourceTree = "<group>";
		};
		F6EC33F92E28F42A008B3850 /* Scrap WaleUITests */ = {
			isa = PBXFileSystemSynchronizedRootGroup;
			path = "Scrap WaleUITests";
			sourceTree = "<group>";
		};
/* End PBXFileSystemSynchronizedRootGroup section */

/* Begin PBXFrameworksBuildPhase section */
		F6EC33DC2E28F429008B3850 /* Frameworks */ = {
			isa = PBXFrameworksBuildPhase;
			buildActionMask = 2147483647;
			files = (
			);
			runOnlyForDeploymentPostprocessing = 0;
		};
		F6EC33E92E28F42A008B3850 /* Frameworks */ = {
			isa = PBXFrameworksBuildPhase;
			buildActionMask = 2147483647;
			files = (
			);
			runOnlyForDeploymentPostprocessing = 0;
		};
		F6EC33F32E28F42A008B3850 /* Frameworks */ = {
			isa = PBXFrameworksBuildPhase;
			buildActionMask = 2147483647;
			files = (
			);
			runOnlyForDeploymentPostprocessing = 0;
		};
/* End PBXFrameworksBuildPhase section */

/* Begin PBXGroup section */
		F6EC33D62E28F429008B3850 = {
			isa = PBXGroup;
			children = (
				F6EC33E12E28F429008B3850 /* Scrap Wale */,
				F6EC33EF2E28F42A008B3850 /* Scrap WaleTests */,
				F6EC33F92E28F42A008B3850 /* Scrap WaleUITests */,
				F6EC33E02E28F429008B3850 /* Products */,
				F693B5662E6579AA00B900E0 /* Info.plist */,
			);
			sourceTree = "<group>";
		};
		F6EC33E02E28F429008B3850 /* Products */ = {
			isa = PBXGroup;
			children = (
				F6EC33DF2E28F429008B3850 /* Scrap Wale.app */,
				F6EC33EC2E28F42A008B3850 /* Scrap WaleTests.xctest */,
				F6EC33F62E28F42A008B3850 /* Scrap WaleUITests.xctest */,
			);
			name = Products;
			sourceTree = "<group>";
		};
/* End PBXGroup section */

/* Begin PBXNativeTarget section */
		F6EC33DE2E28F429008B3850 /* Scrap Wale */ = {
			isa = PBXNativeTarget;
			buildConfigurationList = F6EC34002E28F42A008B3850 /* Build configuration list for PBXNativeTarget "Scrap Wale" */;
			buildPhases = (
				F6EC33DB2E28F429008B3850 /* Sources */,
				F6EC33DC2E28F429008B3850 /* Frameworks */,
				F6EC33DD2E28F429008B3850 /* Resources */,
			);
			buildRules = (
				F6DBE9452E4DCD46000AAC5C /* PBXBuildRule */,
			);
			dependencies = (
			);
			fileSystemSynchronizedGroups = (
				F6EC33E12E28F429008B3850 /* Scrap Wale */,
			);
			name = "Scrap Wale";
			packageProductDependencies = (
			);
			productName = "Scrap Wale";
			productReference = F6EC33DF2E28F429008B3850 /* Scrap Wale.app */;
			productType = "com.apple.product-type.application";
		};
		F6EC33EB2E28F42A008B3850 /* Scrap WaleTests */ = {
			isa = PBXNativeTarget;
			buildConfigurationList = F6EC34032E28F42A008B3850 /* Build configuration list for PBXNativeTarget "Scrap WaleTests" */;
			buildPhases = (
				F6EC33E82E28F42A008B3850 /* Sources */,
				F6EC33E92E28F42A008B3850 /* Frameworks */,
				F6EC33EA2E28F42A008B3850 /* Resources */,
			);
			buildRules = (
			);
			dependencies = (
				F6EC33EE2E28F42A008B3850 /* PBXTargetDependency */,
			);
			fileSystemSynchronizedGroups = (
				F6EC33EF2E28F42A008B3850 /* Scrap WaleTests */,
			);
			name = "Scrap WaleTests";
			packageProductDependencies = (
			);
			productName = "Scrap WaleTests";
			productReference = F6EC33EC2E28F42A008B3850 /* Scrap WaleTests.xctest */;
			productType = "com.apple.product-type.bundle.unit-test";
		};
		F6EC33F52E28F42A008B3850 /* Scrap WaleUITests */ = {
			isa = PBXNativeTarget;
			buildConfigurationList = F6EC34062E28F42A008B3850 /* Build configuration list for PBXNativeTarget "Scrap WaleUITests" */;
			buildPhases = (
				F6EC33F22E28F42A008B3850 /* Sources */,
				F6EC33F32E28F42A008B3850 /* Frameworks */,
				F6EC33F42E28F42A008B3850 /* Resources */,
			);
			buildRules = (
			);
			dependencies = (
				F6EC33F82E28F42A008B3850 /* PBXTargetDependency */,
			);
			fileSystemSynchronizedGroups = (
				F6EC33F92E28F42A008B3850 /* Scrap WaleUITests */,
			);
			name = "Scrap WaleUITests";
			packageProductDependencies = (
			);
			productName = "Scrap WaleUITests";
			productReference = F6EC33F62E28F42A008B3850 /* Scrap WaleUITests.xctest */;
			productType = "com.apple.product-type.bundle.ui-testing";
		};
/* End PBXNativeTarget section */

/* Begin PBXProject section */
		F6EC33D72E28F429008B3850 /* Project object */ = {
			isa = PBXProject;
			attributes = {
				BuildIndependentTargetsInParallel = 1;
				LastSwiftUpdateCheck = 1640;
				LastUpgradeCheck = 1640;
				TargetAttributes = {
					F6EC33DE2E28F429008B3850 = {
						CreatedOnToolsVersion = 16.4;
					};
					F6EC33EB2E28F42A008B3850 = {
						CreatedOnToolsVersion = 16.4;
						TestTargetID = F6EC33DE2E28F429008B3850;
					};
					F6EC33F52E28F42A008B3850 = {
						CreatedOnToolsVersion = 16.4;
						TestTargetID = F6EC33DE2E28F429008B3850;
					};
				};
			};
			buildConfigurationList = F6EC33DA2E28F429008B3850 /* Build configuration list for PBXProject "Scrap Wale" */;
			developmentRegion = en;
			hasScannedForEncodings = 0;
			knownRegions = (
				en,
				Base,
			);
			mainGroup = F6EC33D62E28F429008B3850;
			minimizedProjectReferenceProxies = 1;
			preferredProjectObjectVersion = 77;
			productRefGroup = F6EC33E02E28F429008B3850 /* Products */;
			projectDirPath = "";
			projectRoot = "";
			targets = (
				F6EC33DE2E28F429008B3850 /* Scrap Wale */,
				F6EC33EB2E28F42A008B3850 /* Scrap WaleTests */,
				F6EC33F52E28F42A008B3850 /* Scrap WaleUITests */,
			);
		};
/* End PBXProject section */

/* Begin PBXResourcesBuildPhase section */
		F6EC33DD2E28F429008B3850 /* Resources */ = {
			isa = PBXResourcesBuildPhase;
			buildActionMask = 2147483647;
			files = (
			);
			runOnlyForDeploymentPostprocessing = 0;
		};
		F6EC33EA2E28F42A008B3850 /* Resources */ = {
			isa = PBXResourcesBuildPhase;
			buildActionMask = 2147483647;
			files = (
			);
			runOnlyForDeploymentPostprocessing = 0;
		};
		F6EC33F42E28F42A008B3850 /* Resources */ = {
			isa = PBXResourcesBuildPhase;
			buildActionMask = 2147483647;
			files = (
			);
			runOnlyForDeploymentPostprocessing = 0;
		};
/* End PBXResourcesBuildPhase section */

/* Begin PBXSourcesBuildPhase section */
		F6EC33DB2E28F429008B3850 /* Sources */ = {
			isa = PBXSourcesBuildPhase;
			buildActionMask = 2147483647;
			files = (
			);
			runOnlyForDeploymentPostprocessing = 0;
		};
		F6EC33E82E28F42A008B3850 /* Sources */ = {
			isa = PBXSourcesBuildPhase;
			buildActionMask = 2147483647;
			files = (
			);
			runOnlyForDeploymentPostprocessing = 0;
		};
		F6EC33F22E28F42A008B3850 /* Sources */ = {
			isa = PBXSourcesBuildPhase;
			buildActionMask = 2147483647;
			files = (
			);
			runOnlyForDeploymentPostprocessing = 0;
		};
/* End PBXSourcesBuildPhase section */

/* Begin PBXTargetDependency section */
		F6EC33EE2E28F42A008B3850 /* PBXTargetDependency */ = {
			isa = PBXTargetDependency;
			target = F6EC33DE2E28F429008B3850 /* Scrap Wale */;
			targetProxy = F6EC33ED2E28F42A008B3850 /* PBXContainerItemProxy */;
		};
		F6EC33F82E28F42A008B3850 /* PBXTargetDependency */ = {
			isa = PBXTargetDependency;
			target = F6EC33DE2E28F429008B3850 /* Scrap Wale */;
			targetProxy = F6EC33F72E28F42A008B3850 /* PBXContainerItemProxy */;
		};
/* End PBXTargetDependency section */

/* Begin XCBuildConfiguration section */
		F6EC33FE2E28F42A008B3850 /* Debug */ = {
			isa = XCBuildConfiguration;
			buildSettings = {
				ALWAYS_SEARCH_USER_PATHS = NO;
				ASSETCATALOG_COMPILER_GENERATE_SWIFT_ASSET_SYMBOL_EXTENSIONS = YES;
				CLANG_ANALYZER_NONNULL = YES;
				CLANG_ANALYZER_NUMBER_OBJECT_CONVERSION = YES_AGGRESSIVE;
				CLANG_CXX_LANGUAGE_STANDARD = "gnu++20";
				CLANG_ENABLE_MODULES = YES;
				CLANG_ENABLE_OBJC_ARC = YES;
				CLANG_ENABLE_OBJC_WEAK = YES;
				CLANG_WARN_BLOCK_CAPTURE_AUTORELEASING = YES;
				CLANG_WARN_BOOL_CONVERSION = YES;
				CLANG_WARN_COMMA = YES;
				CLANG_WARN_CONSTANT_CONVERSION = YES;
				CLANG_WARN_DEPRECATED_OBJC_IMPLEMENTATIONS = YES;
				CLANG_WARN_DIRECT_OBJC_ISA_USAGE = YES_ERROR;
				CLANG_WARN_DOCUMENTATION_COMMENTS = YES;
				CLANG_WARN_EMPTY_BODY = YES;
				CLANG_WARN_ENUM_CONVERSION = YES;
				CLANG_WARN_INFINITE_RECURSION = YES;
				CLANG_WARN_INT_CONVERSION = YES;
				CLANG_WARN_NON_LITERAL_NULL_CONVERSION = YES;
				CLANG_WARN_OBJC_IMPLICIT_RETAIN_SELF = YES;
				CLANG_WARN_OBJC_LITERAL_CONVERSION = YES;
				CLANG_WARN_OBJC_ROOT_CLASS = YES_ERROR;
				CLANG_WARN_QUOTED_INCLUDE_IN_FRAMEWORK_HEADER = YES;
				CLANG_WARN_RANGE_LOOP_ANALYSIS = YES;
				CLANG_WARN_STRICT_PROTOTYPES = YES;
				CLANG_WARN_SUSPICIOUS_MOVE = YES;
				CLANG_WARN_UNGUARDED_AVAILABILITY = YES_AGGRESSIVE;
				CLANG_WARN_UNREACHABLE_CODE = YES;
				CLANG_WARN__DUPLICATE_METHOD_MATCH = YES;
				COPY_PHASE_STRIP = NO;
				DEBUG_INFORMATION_FORMAT = dwarf;
				DEVELOPMENT_TEAM = H489U5M6KD;
				ENABLE_STRICT_OBJC_MSGSEND = YES;
				ENABLE_TESTABILITY = YES;
				ENABLE_USER_SCRIPT_SANDBOXING = YES;
				GCC_C_LANGUAGE_STANDARD = gnu17;
				GCC_DYNAMIC_NO_PIC = NO;
				GCC_NO_COMMON_BLOCKS = YES;
				GCC_OPTIMIZATION_LEVEL = 0;
				GCC_PREPROCESSOR_DEFINITIONS = (
					"DEBUG=1",
					"$(inherited)",
				);
				GCC_WARN_64_TO_32_BIT_CONVERSION = YES;
				GCC_WARN_ABOUT_RETURN_TYPE = YES_ERROR;
				GCC_WARN_UNDECLARED_SELECTOR = YES;
				GCC_WARN_UNINITIALIZED_AUTOS = YES_AGGRESSIVE;
				GCC_WARN_UNUSED_FUNCTION = YES;
				GCC_WARN_UNUSED_VARIABLE = YES;
				IPHONEOS_DEPLOYMENT_TARGET = 18.5;
				LOCALIZATION_PREFERS_STRING_CATALOGS = YES;
				MTL_ENABLE_DEBUG_INFO = INCLUDE_SOURCE;
				MTL_FAST_MATH = YES;
				ONLY_ACTIVE_ARCH = YES;
				SDKROOT = iphoneos;
				SWIFT_ACTIVE_COMPILATION_CONDITIONS = "DEBUG $(inherited)";
				SWIFT_OPTIMIZATION_LEVEL = "-Onone";
			};
			name = Debug;
		};
		F6EC33FF2E28F42A008B3850 /* Release */ = {
			isa = XCBuildConfiguration;
			buildSettings = {
				ALWAYS_SEARCH_USER_PATHS = NO;
				ASSETCATALOG_COMPILER_GENERATE_SWIFT_ASSET_SYMBOL_EXTENSIONS = YES;
				CLANG_ANALYZER_NONNULL = YES;
				CLANG_ANALYZER_NUMBER_OBJECT_CONVERSION = YES_AGGRESSIVE;
				CLANG_CXX_LANGUAGE_STANDARD = "gnu++20";
				CLANG_ENABLE_MODULES = YES;
				CLANG_ENABLE_OBJC_ARC = YES;
				CLANG_ENABLE_OBJC_WEAK = YES;
				CLANG_WARN_BLOCK_CAPTURE_AUTORELEASING = YES;
				CLANG_WARN_BOOL_CONVERSION = YES;
				CLANG_WARN_COMMA = YES;
				CLANG_WARN_CONSTANT_CONVERSION = YES;
				CLANG_WARN_DEPRECATED_OBJC_IMPLEMENTATIONS = YES;
				CLANG_WARN_DIRECT_OBJC_ISA_USAGE = YES_ERROR;
				CLANG_WARN_DOCUMENTATION_COMMENTS = YES;
				CLANG_WARN_EMPTY_BODY = YES;
				CLANG_WARN_ENUM_CONVERSION = YES;
				CLANG_WARN_INFINITE_RECURSION = YES;
				CLANG_WARN_INT_CONVERSION = YES;
				CLANG_WARN_NON_LITERAL_NULL_CONVERSION = YES;
				CLANG_WARN_OBJC_IMPLICIT_RETAIN_SELF = YES;
				CLANG_WARN_OBJC_LITERAL_CONVERSION = YES;
				CLANG_WARN_OBJC_ROOT_CLASS = YES_ERROR;
				CLANG_WARN_QUOTED_INCLUDE_IN_FRAMEWORK_HEADER = YES;
				CLANG_WARN_RANGE_LOOP_ANALYSIS = YES;
				CLANG_WARN_STRICT_PROTOTYPES = YES;
				CLANG_WARN_SUSPICIOUS_MOVE = YES;
				CLANG_WARN_UNGUARDED_AVAILABILITY = YES_AGGRESSIVE;
				CLANG_WARN_UNREACHABLE_CODE = YES;
				CLANG_WARN__DUPLICATE_METHOD_MATCH = YES;
				COPY_PHASE_STRIP = NO;
				DEBUG_INFORMATION_FORMAT = "dwarf-with-dsym";
				DEVELOPMENT_TEAM = H489U5M6KD;
				ENABLE_NS_ASSERTIONS = NO;
				ENABLE_STRICT_OBJC_MSGSEND = YES;
				ENABLE_USER_SCRIPT_SANDBOXING = YES;
				GCC_C_LANGUAGE_STANDARD = gnu17;
				GCC_NO_COMMON_BLOCKS = YES;
				GCC_WARN_64_TO_32_BIT_CONVERSION = YES;
				GCC_WARN_ABOUT_RETURN_TYPE = YES_ERROR;
				GCC_WARN_UNDECLARED_SELECTOR = YES;
				GCC_WARN_UNINITIALIZED_AUTOS = YES_AGGRESSIVE;
				GCC_WARN_UNUSED_FUNCTION = YES;
				GCC_WARN_UNUSED_VARIABLE = YES;
				IPHONEOS_DEPLOYMENT_TARGET = 18.5;
				LOCALIZATION_PREFERS_STRING_CATALOGS = YES;
				MTL_ENABLE_DEBUG_INFO = NO;
				MTL_FAST_MATH = YES;
				SDKROOT = iphoneos;
				SWIFT_COMPILATION_MODE = wholemodule;
				VALIDATE_PRODUCT = YES;
			};
			name = Release;
		};
		F6EC34012E28F42A008B3850 /* Debug */ = {
			isa = XCBuildConfiguration;
			buildSettings = {
				ASSETCATALOG_COMPILER_APPICON_NAME = AppIcon;
				ASSETCATALOG_COMPILER_GLOBAL_ACCENT_COLOR_NAME = AccentColor;
				CODE_SIGN_IDENTITY = "Apple Development";
				CODE_SIGN_STYLE = Automatic;
				CURRENT_PROJECT_VERSION = 2;
				DEVELOPMENT_TEAM = H489U5M6KD;
				ENABLE_PREVIEWS = YES;
				GENERATE_INFOPLIST_FILE = YES;
				INFOPLIST_KEY_CFBundleDisplayName = "Scrap Wale";
				INFOPLIST_KEY_LSApplicationCategoryType = "public.app-category.business";
				INFOPLIST_KEY_UIApplicationSceneManifest_Generation = YES;
				INFOPLIST_KEY_UIApplicationSupportsIndirectInputEvents = YES;
				INFOPLIST_KEY_UILaunchScreen_Generation = YES;
				INFOPLIST_KEY_UISupportedInterfaceOrientations_iPad = "UIInterfaceOrientationPortrait UIInterfaceOrientationPortraitUpsideDown UIInterfaceOrientationLandscapeLeft UIInterfaceOrientationLandscapeRight";
				INFOPLIST_KEY_UISupportedInterfaceOrientations_iPhone = "UIInterfaceOrientationPortrait UIInterfaceOrientationLandscapeLeft UIInterfaceOrientationLandscapeRight";
				IPHONEOS_DEPLOYMENT_TARGET = 15.6;
				LD_RUNPATH_SEARCH_PATHS = (
					"$(inherited)",
					"@executable_path/Frameworks",
				);
				MARKETING_VERSION = 1.1;
				PRODUCT_BUNDLE_IDENTIFIER = com.app.scrapwale;
				PRODUCT_NAME = "$(TARGET_NAME)";
				PROVISIONING_PROFILE_SPECIFIER = "";
				SWIFT_EMIT_LOC_STRINGS = YES;
				SWIFT_VERSION = 5.0;
				TARGETED_DEVICE_FAMILY = "1,2";
			};
			name = Debug;
		};
		F6EC34022E28F42A008B3850 /* Release */ = {
			isa = XCBuildConfiguration;
			buildSettings = {
				ASSETCATALOG_COMPILER_APPICON_NAME = AppIcon;
				ASSETCATALOG_COMPILER_GLOBAL_ACCENT_COLOR_NAME = AccentColor;
				CODE_SIGN_IDENTITY = "Apple Development";
				CODE_SIGN_STYLE = Automatic;
				CURRENT_PROJECT_VERSION = 2;
				DEVELOPMENT_TEAM = H489U5M6KD;
				ENABLE_PREVIEWS = YES;
				GENERATE_INFOPLIST_FILE = YES;
				INFOPLIST_KEY_CFBundleDisplayName = "Scrap Wale";
				INFOPLIST_KEY_LSApplicationCategoryType = "public.app-category.business";
				INFOPLIST_KEY_UIApplicationSceneManifest_Generation = YES;
				INFOPLIST_KEY_UIApplicationSupportsIndirectInputEvents = YES;
				INFOPLIST_KEY_UILaunchScreen_Generation = YES;
				INFOPLIST_KEY_UISupportedInterfaceOrientations_iPad = "UIInterfaceOrientationPortrait UIInterfaceOrientationPortraitUpsideDown UIInterfaceOrientationLandscapeLeft UIInterfaceOrientationLandscapeRight";
				INFOPLIST_KEY_UISupportedInterfaceOrientations_iPhone = "UIInterfaceOrientationPortrait UIInterfaceOrientationLandscapeLeft UIInterfaceOrientationLandscapeRight";
				IPHONEOS_DEPLOYMENT_TARGET = 15.6;
				LD_RUNPATH_SEARCH_PATHS = (
					"$(inherited)",
					"@executable_path/Frameworks",
				);
				MARKETING_VERSION = 1.1;
				PRODUCT_BUNDLE_IDENTIFIER = com.app.scrapwale;
				PRODUCT_NAME = "$(TARGET_NAME)";
				PROVISIONING_PROFILE_SPECIFIER = "";
				SWIFT_EMIT_LOC_STRINGS = YES;
				SWIFT_VERSION = 5.0;
				TARGETED_DEVICE_FAMILY = "1,2";
			};
			name = Release;
		};
		F6EC34042E28F42A008B3850 /* Debug */ = {
			isa = XCBuildConfiguration;
			buildSettings = {
				BUNDLE_LOADER = "$(TEST_HOST)";
				CODE_SIGN_STYLE = Automatic;
				CURRENT_PROJECT_VERSION = 1;
				DEVELOPMENT_TEAM = H489U5M6KD;
				GENERATE_INFOPLIST_FILE = YES;
				IPHONEOS_DEPLOYMENT_TARGET = 18.5;
				MARKETING_VERSION = 1.0;
				PRODUCT_BUNDLE_IDENTIFIER = "com.app.scrapwale.Scrap-WaleTests";
				PRODUCT_NAME = "$(TARGET_NAME)";
				SWIFT_EMIT_LOC_STRINGS = NO;
				SWIFT_VERSION = 5.0;
				TARGETED_DEVICE_FAMILY = "1,2";
				TEST_HOST = "$(BUILT_PRODUCTS_DIR)/Scrap Wale.app/$(BUNDLE_EXECUTABLE_FOLDER_PATH)/Scrap Wale";
			};
			name = Debug;
		};
		F6EC34052E28F42A008B3850 /* Release */ = {
			isa = XCBuildConfiguration;
			buildSettings = {
				BUNDLE_LOADER = "$(TEST_HOST)";
				CODE_SIGN_STYLE = Automatic;
				CURRENT_PROJECT_VERSION = 1;
				DEVELOPMENT_TEAM = H489U5M6KD;
				GENERATE_INFOPLIST_FILE = YES;
				IPHONEOS_DEPLOYMENT_TARGET = 18.5;
				MARKETING_VERSION = 1.0;
				PRODUCT_BUNDLE_IDENTIFIER = "com.app.scrapwale.Scrap-WaleTests";
				PRODUCT_NAME = "$(TARGET_NAME)";
				SWIFT_EMIT_LOC_STRINGS = NO;
				SWIFT_VERSION = 5.0;
				TARGETED_DEVICE_FAMILY = "1,2";
				TEST_HOST = "$(BUILT_PRODUCTS_DIR)/Scrap Wale.app/$(BUNDLE_EXECUTABLE_FOLDER_PATH)/Scrap Wale";
			};
			name = Release;
		};
		F6EC34072E28F42A008B3850 /* Debug */ = {
			isa = XCBuildConfiguration;
			buildSettings = {
				CODE_SIGN_STYLE = Automatic;
				CURRENT_PROJECT_VERSION = 1;
				DEVELOPMENT_TEAM = H489U5M6KD;
				GENERATE_INFOPLIST_FILE = YES;
				MARKETING_VERSION = 1.0;
				PRODUCT_BUNDLE_IDENTIFIER = "com.app.scrapwale.Scrap-WaleUITests";
				PRODUCT_NAME = "$(TARGET_NAME)";
				SWIFT_EMIT_LOC_STRINGS = NO;
				SWIFT_VERSION = 5.0;
				TARGETED_DEVICE_FAMILY = "1,2";
				TEST_TARGET_NAME = "Scrap Wale";
			};
			name = Debug;
		};
		F6EC34082E28F42A008B3850 /* Release */ = {
			isa = XCBuildConfiguration;
			buildSettings = {
				CODE_SIGN_STYLE = Automatic;
				CURRENT_PROJECT_VERSION = 1;
				DEVELOPMENT_TEAM = H489U5M6KD;
				GENERATE_INFOPLIST_FILE = YES;
				MARKETING_VERSION = 1.0;
				PRODUCT_BUNDLE_IDENTIFIER = "com.app.scrapwale.Scrap-WaleUITests";
				PRODUCT_NAME = "$(TARGET_NAME)";
				SWIFT_EMIT_LOC_STRINGS = NO;
				SWIFT_VERSION = 5.0;
				TARGETED_DEVICE_FAMILY = "1,2";
				TEST_TARGET_NAME = "Scrap Wale";
			};
			name = Release;
		};
/* End XCBuildConfiguration section */

/* Begin XCConfigurationList section */
		F6EC33DA2E28F429008B3850 /* Build configuration list for PBXProject "Scrap Wale" */ = {
			isa = XCConfigurationList;
			buildConfigurations = (
				F6EC33FE2E28F42A008B3850 /* Debug */,
				F6EC33FF2E28F42A008B3850 /* Release */,
			);
			defaultConfigurationIsVisible = 0;
			defaultConfigurationName = Release;
		};
		F6EC34002E28F42A008B3850 /* Build configuration list for PBXNativeTarget "Scrap Wale" */ = {
			isa = XCConfigurationList;
			buildConfigurations = (
				F6EC34012E28F42A008B3850 /* Debug */,
				F6EC34022E28F42A008B3850 /* Release */,
			);
			defaultConfigurationIsVisible = 0;
			defaultConfigurationName = Release;
		};
		F6EC34032E28F42A008B3850 /* Build configuration list for PBXNativeTarget "Scrap WaleTests" */ = {
			isa = XCConfigurationList;
			buildConfigurations = (
				F6EC34042E28F42A008B3850 /* Debug */,
				F6EC34052E28F42A008B3850 /* Release */,
			);
			defaultConfigurationIsVisible = 0;
			defaultConfigurationName = Release;
		};
		F6EC34062E28F42A008B3850 /* Build configuration list for PBXNativeTarget "Scrap WaleUITests" */ = {
			isa = XCConfigurationList;
			buildConfigurations = (
				F6EC34072E28F42A008B3850 /* Debug */,
				F6EC34082E28F42A008B3850 /* Release */,
			);
			defaultConfigurationIsVisible = 0;
			defaultConfigurationName = Release;
		};
/* End XCConfigurationList section */
	};
	rootObject = F6EC33D72E28F429008B3850 /* Project object */;
}
